
Microsoft Visual Studio Solution File, Format Version 12.00
# Visual Studio Version 17
VisualStudioVersion = 17.1.32210.238
MinimumVisualStudioVersion = 10.0.40219.1
Project("{FAE04EC0-301F-11D3-BF4B-00C04F79EFBC}") = "FastLearnersMVCWebApplication", "FastLearnersMVCWebApplication\FastLearnersMVCWebApplication.csproj", "{B1D7F94E-CDB8-4DCE-A5D9-CC5FAC1B287F}"
EndProject
Global
	GlobalSection(SolutionConfigurationPlatforms) = preSolution
		Debug|Any CPU = Debug|Any CPU
		Release|Any CPU = Release|Any CPU
	EndGlobalSection
	GlobalSection(ProjectConfigurationPlatforms) = postSolution
		{B1D7F94E-CDB8-4DCE-A5D9-CC5FAC1B287F}.Debug|Any CPU.ActiveCfg = Debug|Any CPU
		{B1D7F94E-CDB8-4DCE-A5D9-CC5FAC1B287F}.Debug|Any CPU.Build.0 = Debug|Any CPU
		{B1D7F94E-CDB8-4DCE-A5D9-CC5FAC1B287F}.Release|Any CPU.ActiveCfg = Release|Any CPU
		{B1D7F94E-CDB8-4DCE-A5D9-CC5FAC1B287F}.Release|Any CPU.Build.0 = Release|Any CPU
	EndGlobalSection
	GlobalSection(SolutionProperties) = preSolution
		HideSolutionNode = FALSE
	EndGlobalSection
	GlobalSection(ExtensibilityGlobals) = postSolution
		SolutionGuid = {AD21DB42-ACBB-4830-B611-BB64F87B6A67}
	EndGlobalSection
EndGlobal
